
Microsoft Visual Studio Solution File, Format Version 12.00
# Visual Studio Version 16
VisualStudioVersion = 16.0.31702.278
MinimumVisualStudioVersion = 10.0.40219.1
Project("{FAE04EC0-301F-11D3-BF4B-00C04F79EFBC}") = "MyDictionary", "MyDictionary\MyDictionary.csproj", "{B64CEAB4-58A7-4EA8-A02A-6FEBC21E2178}"
EndProject
Global
	GlobalSection(SolutionConfigurationPlatforms) = preSolution
		Debug|Any CPU = Debug|Any CPU
		Release|Any CPU = Release|Any CPU
	EndGlobalSection
	GlobalSection(ProjectConfigurationPlatforms) = postSolution
		{B64CEAB4-58A7-4EA8-A02A-6FEBC21E2178}.Debug|Any CPU.ActiveCfg = Debug|Any CPU
		{B64CEAB4-58A7-4EA8-A02A-6FEBC21E2178}.Debug|Any CPU.Build.0 = Debug|Any CPU
		{B64CEAB4-58A7-4EA8-A02A-6FEBC21E2178}.Release|Any CPU.ActiveCfg = Release|Any CPU
		{B64CEAB4-58A7-4EA8-A02A-6FEBC21E2178}.Release|Any CPU.Build.0 = Release|Any CPU
	EndGlobalSection
	GlobalSection(SolutionProperties) = preSolution
		HideSolutionNode = FALSE
	EndGlobalSection
	GlobalSection(ExtensibilityGlobals) = postSolution
		SolutionGuid = {6BD9FA81-2C20-4F3B-B590-32E1BD9BDB8F}
	EndGlobalSection
EndGlobal
